
Microsoft Visual Studio Solution File, Format Version 12.00
# Visual Studio Version 17
VisualStudioVersion = 17.2.32526.322
MinimumVisualStudioVersion = 10.0.40219.1
Project("{FAE04EC0-301F-11D3-BF4B-00C04F79EFBC}") = "Lab05.GUI", "Lab05.GUI\Lab05.GUI.csproj", "{E5C51AE6-F6B6-43A1-8069-A12FEE52611D}"
EndProject
Project("{FAE04EC0-301F-11D3-BF4B-00C04F79EFBC}") = "Lab05.BUS", "Lab05.BUS\Lab05.BUS.csproj", "{16FF7870-0D02-4E3A-8A57-988337D72160}"
EndProject
Project("{FAE04EC0-301F-11D3-BF4B-00C04F79EFBC}") = "Lab05.DAL", "Lab05.DAL\Lab05.DAL.csproj", "{D60B46F0-BE0C-459D-996A-883FA0F5E275}"
EndProject
Global
	GlobalSection(SolutionConfigurationPlatforms) = preSolution
		Debug|Any CPU = Debug|Any CPU
		Release|Any CPU = Release|Any CPU
	EndGlobalSection
	GlobalSection(ProjectConfigurationPlatforms) = postSolution
		{E5C51AE6-F6B6-43A1-8069-A12FEE52611D}.Debug|Any CPU.ActiveCfg = Debug|Any CPU
		{E5C51AE6-F6B6-43A1-8069-A12FEE52611D}.Debug|Any CPU.Build.0 = Debug|Any CPU
		{E5C51AE6-F6B6-43A1-8069-A12FEE52611D}.Release|Any CPU.ActiveCfg = Release|Any CPU
		{E5C51AE6-F6B6-43A1-8069-A12FEE52611D}.Release|Any CPU.Build.0 = Release|Any CPU
		{16FF7870-0D02-4E3A-8A57-988337D72160}.Debug|Any CPU.ActiveCfg = Debug|Any CPU
		{16FF7870-0D02-4E3A-8A57-988337D72160}.Debug|Any CPU.Build.0 = Debug|Any CPU
		{16FF7870-0D02-4E3A-8A57-988337D72160}.Release|Any CPU.ActiveCfg = Release|Any CPU
		{16FF7870-0D02-4E3A-8A57-988337D72160}.Release|Any CPU.Build.0 = Release|Any CPU
		{D60B46F0-BE0C-459D-996A-883FA0F5E275}.Debug|Any CPU.ActiveCfg = Debug|Any CPU
		{D60B46F0-BE0C-459D-996A-883FA0F5E275}.Debug|Any CPU.Build.0 = Debug|Any CPU
		{D60B46F0-BE0C-459D-996A-883FA0F5E275}.Release|Any CPU.ActiveCfg = Release|Any CPU
		{D60B46F0-BE0C-459D-996A-883FA0F5E275}.Release|Any CPU.Build.0 = Release|Any CPU
	EndGlobalSection
	GlobalSection(SolutionProperties) = preSolution
		HideSolutionNode = FALSE
	EndGlobalSection
	GlobalSection(ExtensibilityGlobals) = postSolution
		SolutionGuid = {9BD4A2CF-0ADD-4D56-8A13-A147D120B2CD}
	EndGlobalSection
EndGlobal
